
Microsoft Visual Studio Solution File, Format Version 12.00
# Visual Studio Version 16
VisualStudioVersion = 16.0.33214.272
MinimumVisualStudioVersion = 10.0.40219.1
Project("{8BC9CEB8-8B4A-11D0-8D11-00A0C91BC942}") = "test_2023_4_18数据存储", "test_2023_4_18数据存储\test_2023_4_18数据存储.vcxproj", "{E140F954-5527-42B1-BBA3-F1F724063A99}"
EndProject
Global
	GlobalSection(SolutionConfigurationPlatforms) = preSolution
		Debug|x64 = Debug|x64
		Debug|x86 = Debug|x86
		Release|x64 = Release|x64
		Release|x86 = Release|x86
	EndGlobalSection
	GlobalSection(ProjectConfigurationPlatforms) = postSolution
		{E140F954-5527-42B1-BBA3-F1F724063A99}.Debug|x64.ActiveCfg = Debug|x64
		{E140F954-5527-42B1-BBA3-F1F724063A99}.Debug|x64.Build.0 = Debug|x64
		{E140F954-5527-42B1-BBA3-F1F724063A99}.Debug|x86.ActiveCfg = Debug|Win32
		{E140F954-5527-42B1-BBA3-F1F724063A99}.Debug|x86.Build.0 = Debug|Win32
		{E140F954-5527-42B1-BBA3-F1F724063A99}.Release|x64.ActiveCfg = Release|x64
		{E140F954-5527-42B1-BBA3-F1F724063A99}.Release|x64.Build.0 = Release|x64
		{E140F954-5527-42B1-BBA3-F1F724063A99}.Release|x86.ActiveCfg = Release|Win32
		{E140F954-5527-42B1-BBA3-F1F724063A99}.Release|x86.Build.0 = Release|Win32
	EndGlobalSection
	GlobalSection(SolutionProperties) = preSolution
		HideSolutionNode = FALSE
	EndGlobalSection
	GlobalSection(ExtensibilityGlobals) = postSolution
		SolutionGuid = {88E795D6-C682-4BD7-9CED-85F44904B4EA}
	EndGlobalSection
EndGlobal
