
Microsoft Visual Studio Solution File, Format Version 12.00
# Visual Studio Version 16
VisualStudioVersion = 16.0.33214.272
MinimumVisualStudioVersion = 10.0.40219.1
Project("{8BC9CEB8-8B4A-11D0-8D11-00A0C91BC942}") = "test_2023_5_3数组", "test_2023_5_3数组\test_2023_5_3数组.vcxproj", "{0E75BF10-CFD7-4EEB-B4DC-D6FC7D3D2ABF}"
EndProject
Global
	GlobalSection(SolutionConfigurationPlatforms) = preSolution
		Debug|x64 = Debug|x64
		Debug|x86 = Debug|x86
		Release|x64 = Release|x64
		Release|x86 = Release|x86
	EndGlobalSection
	GlobalSection(ProjectConfigurationPlatforms) = postSolution
		{0E75BF10-CFD7-4EEB-B4DC-D6FC7D3D2ABF}.Debug|x64.ActiveCfg = Debug|x64
		{0E75BF10-CFD7-4EEB-B4DC-D6FC7D3D2ABF}.Debug|x64.Build.0 = Debug|x64
		{0E75BF10-CFD7-4EEB-B4DC-D6FC7D3D2ABF}.Debug|x86.ActiveCfg = Debug|Win32
		{0E75BF10-CFD7-4EEB-B4DC-D6FC7D3D2ABF}.Debug|x86.Build.0 = Debug|Win32
		{0E75BF10-CFD7-4EEB-B4DC-D6FC7D3D2ABF}.Release|x64.ActiveCfg = Release|x64
		{0E75BF10-CFD7-4EEB-B4DC-D6FC7D3D2ABF}.Release|x64.Build.0 = Release|x64
		{0E75BF10-CFD7-4EEB-B4DC-D6FC7D3D2ABF}.Release|x86.ActiveCfg = Release|Win32
		{0E75BF10-CFD7-4EEB-B4DC-D6FC7D3D2ABF}.Release|x86.Build.0 = Release|Win32
	EndGlobalSection
	GlobalSection(SolutionProperties) = preSolution
		HideSolutionNode = FALSE
	EndGlobalSection
	GlobalSection(ExtensibilityGlobals) = postSolution
		SolutionGuid = {5E5C9BDA-8B45-44C6-8ABC-6AB9FCD81C06}
	EndGlobalSection
EndGlobal
